// !$*UTF8*$!
{
	archiveVersion = 1;
	classes = {
	};
	objectVersion = 50;
	objects = {

/* Begin PBXBuildFile section */
		8B6661F224F944FF00FE016B /* AppDelegate.swift in Sources */ = {isa = PBXBuildFile; fileRef = 8B6661F124F944FF00FE016B /* AppDelegate.swift */; };
		8B6661F424F944FF00FE016B /* SceneDelegate.swift in Sources */ = {isa = PBXBuildFile; fileRef = 8B6661F324F944FF00FE016B /* SceneDelegate.swift */; };
		8B6661F624F944FF00FE016B /* ViewController.swift in Sources */ = {isa = PBXBuildFile; fileRef = 8B6661F524F944FF00FE016B /* ViewController.swift */; };
		8B6661F924F944FF00FE016B /* Main.storyboard in Resources */ = {isa = PBXBuildFile; fileRef = 8B6661F724F944FF00FE016B /* Main.storyboard */; };
		8B6661FB24F9450200FE016B /* Assets.xcassets in Resources */ = {isa = PBXBuildFile; fileRef = 8B6661FA24F9450200FE016B /* Assets.xcassets */; };
		8B6661FE24F9450200FE016B /* LaunchScreen.storyboard in Resources */ = {isa = PBXBuildFile; fileRef = 8B6661FC24F9450200FE016B /* LaunchScreen.storyboard */; };
		8B66620D24F945F100FE016B /* MenuListViewController.swift in Sources */ = {isa = PBXBuildFile; fileRef = 8B66620C24F945F100FE016B /* MenuListViewController.swift */; };
		8B66620F24F945FF00FE016B /* MenuListViewModel.swift in Sources */ = {isa = PBXBuildFile; fileRef = 8B66620E24F945FF00FE016B /* MenuListViewModel.swift */; };
		8B66621124F9461D00FE016B /* MenuCell.swift in Sources */ = {isa = PBXBuildFile; fileRef = 8B66621024F9461D00FE016B /* MenuCell.swift */; };
		8B66621B24FA273900FE016B /* MenuList+TableView.swift in Sources */ = {isa = PBXBuildFile; fileRef = 8B66621A24FA273900FE016B /* MenuList+TableView.swift */; };
		8B66621E24FA28EA00FE016B /* SectionHeaderView.xib in Resources */ = {isa = PBXBuildFile; fileRef = 8B66621D24FA28EA00FE016B /* SectionHeaderView.xib */; };
		8B66622024FA293200FE016B /* SectionHeaderView.swift in Sources */ = {isa = PBXBuildFile; fileRef = 8B66621F24FA293200FE016B /* SectionHeaderView.swift */; };
		8B66622224FA302D00FE016B /* MyCustomSegmentControl.swift in Sources */ = {isa = PBXBuildFile; fileRef = 8B66622124FA302D00FE016B /* MyCustomSegmentControl.swift */; };
		8B66622524FA5B7D00FE016B /* Item.swift in Sources */ = {isa = PBXBuildFile; fileRef = 8B66622424FA5B7D00FE016B /* Item.swift */; };
		8B66622724FA5BA800FE016B /* RestaurantMenu.swift in Sources */ = {isa = PBXBuildFile; fileRef = 8B66622624FA5BA800FE016B /* RestaurantMenu.swift */; };
		8B66623124FA6FF100FE016B /* DynamicSegmentControl.swift in Sources */ = {isa = PBXBuildFile; fileRef = 8B66623024FA6FF100FE016B /* DynamicSegmentControl.swift */; };
		8BC4531024FA220600D32216 /* MenuCellViewModel.swift in Sources */ = {isa = PBXBuildFile; fileRef = 8BC4530F24FA220600D32216 /* MenuCellViewModel.swift */; };
		8BC4531224FA23E100D32216 /* ItemViewModel.swift in Sources */ = {isa = PBXBuildFile; fileRef = 8BC4531124FA23E100D32216 /* ItemViewModel.swift */; };
		8BC4531424FA250E00D32216 /* data.json in Resources */ = {isa = PBXBuildFile; fileRef = 8BC4531324FA250E00D32216 /* data.json */; };
/* End PBXBuildFile section */

/* Begin PBXFileReference section */
		8B6661EE24F944FF00FE016B /* UberEats.app */ = {isa = PBXFileReference; explicitFileType = wrapper.application; includeInIndex = 0; path = UberEats.app; sourceTree = BUILT_PRODUCTS_DIR; };
		8B6661F124F944FF00FE016B /* AppDelegate.swift */ = {isa = PBXFileReference; lastKnownFileType = sourcecode.swift; path = AppDelegate.swift; sourceTree = "<group>"; };
		8B6661F324F944FF00FE016B /* SceneDelegate.swift */ = {isa = PBXFileReference; lastKnownFileType = sourcecode.swift; path = SceneDelegate.swift; sourceTree = "<group>"; };
		8B6661F524F944FF00FE016B /* ViewController.swift */ = {isa = PBXFileReference; lastKnownFileType = sourcecode.swift; path = ViewController.swift; sourceTree = "<group>"; };
		8B6661F824F944FF00FE016B /* Base */ = {isa = PBXFileReference; lastKnownFileType = file.storyboard; name = Base; path = Base.lproj/Main.storyboard; sourceTree = "<group>"; };
		8B6661FA24F9450200FE016B /* Assets.xcassets */ = {isa = PBXFileReference; lastKnownFileType = folder.assetcatalog; path = Assets.xcassets; sourceTree = "<group>"; };
		8B6661FD24F9450200FE016B /* Base */ = {isa = PBXFileReference; lastKnownFileType = file.storyboard; name = Base; path = Base.lproj/LaunchScreen.storyboard; sourceTree = "<group>"; };
		8B6661FF24F9450200FE016B /* Info.plist */ = {isa = PBXFileReference; lastKnownFileType = text.plist.xml; path = Info.plist; sourceTree = "<group>"; };
		8B66620C24F945F100FE016B /* MenuListViewController.swift */ = {isa = PBXFileReference; lastKnownFileType = sourcecode.swift; path = MenuListViewController.swift; sourceTree = "<group>"; };
		8B66620E24F945FF00FE016B /* MenuListViewModel.swift */ = {isa = PBXFileReference; lastKnownFileType = sourcecode.swift; path = MenuListViewModel.swift; sourceTree = "<group>"; };
		8B66621024F9461D00FE016B /* MenuCell.swift */ = {isa = PBXFileReference; lastKnownFileType = sourcecode.swift; path = MenuCell.swift; sourceTree = "<group>"; };
		8B66621A24FA273900FE016B /* MenuList+TableView.swift */ = {isa = PBXFileReference; lastKnownFileType = sourcecode.swift; path = "MenuList+TableView.swift"; sourceTree = "<group>"; };
		8B66621D24FA28EA00FE016B /* SectionHeaderView.xib */ = {isa = PBXFileReference; lastKnownFileType = file.xib; path = SectionHeaderView.xib; sourceTree = "<group>"; };
		8B66621F24FA293200FE016B /* SectionHeaderView.swift */ = {isa = PBXFileReference; lastKnownFileType = sourcecode.swift; path = SectionHeaderView.swift; sourceTree = "<group>"; };
		8B66622124FA302D00FE016B /* MyCustomSegmentControl.swift */ = {isa = PBXFileReference; lastKnownFileType = sourcecode.swift; path = MyCustomSegmentControl.swift; sourceTree = "<group>"; };
		8B66622424FA5B7D00FE016B /* Item.swift */ = {isa = PBXFileReference; lastKnownFileType = sourcecode.swift; path = Item.swift; sourceTree = "<group>"; };
		8B66622624FA5BA800FE016B /* RestaurantMenu.swift */ = {isa = PBXFileReference; lastKnownFileType = sourcecode.swift; path = RestaurantMenu.swift; sourceTree = "<group>"; };
		8B66623024FA6FF100FE016B /* DynamicSegmentControl.swift */ = {isa = PBXFileReference; lastKnownFileType = sourcecode.swift; path = DynamicSegmentControl.swift; sourceTree = "<group>"; };
		8BC4530F24FA220600D32216 /* MenuCellViewModel.swift */ = {isa = PBXFileReference; lastKnownFileType = sourcecode.swift; path = MenuCellViewModel.swift; sourceTree = "<group>"; };
		8BC4531124FA23E100D32216 /* ItemViewModel.swift */ = {isa = PBXFileReference; lastKnownFileType = sourcecode.swift; path = ItemViewModel.swift; sourceTree = "<group>"; };
		8BC4531324FA250E00D32216 /* data.json */ = {isa = PBXFileReference; lastKnownFileType = text.json; path = data.json; sourceTree = "<group>"; };
/* End PBXFileReference section */

/* Begin PBXFrameworksBuildPhase section */
		8B6661EB24F944FF00FE016B /* Frameworks */ = {
			isa = PBXFrameworksBuildPhase;
			buildActionMask = 2147483647;
			files = (
			);
			runOnlyForDeploymentPostprocessing = 0;
		};
/* End PBXFrameworksBuildPhase section */

/* Begin PBXGroup section */
		8B6661E524F944FF00FE016B = {
			isa = PBXGroup;
			children = (
				8B6661F024F944FF00FE016B /* UberEats */,
				8B6661EF24F944FF00FE016B /* Products */,
			);
			sourceTree = "<group>";
		};
		8B6661EF24F944FF00FE016B /* Products */ = {
			isa = PBXGroup;
			children = (
				8B6661EE24F944FF00FE016B /* UberEats.app */,
			);
			name = Products;
			sourceTree = "<group>";
		};
		8B6661F024F944FF00FE016B /* UberEats */ = {
			isa = PBXGroup;
			children = (
				8B66620624F945D600FE016B /* Scene */,
				8B6661F124F944FF00FE016B /* AppDelegate.swift */,
				8B6661F324F944FF00FE016B /* SceneDelegate.swift */,
				8B6661F524F944FF00FE016B /* ViewController.swift */,
				8B6661F724F944FF00FE016B /* Main.storyboard */,
				8B6661FA24F9450200FE016B /* Assets.xcassets */,
				8B6661FC24F9450200FE016B /* LaunchScreen.storyboard */,
				8B6661FF24F9450200FE016B /* Info.plist */,
			);
			path = UberEats;
			sourceTree = "<group>";
		};
		8B66620624F945D600FE016B /* Scene */ = {
			isa = PBXGroup;
			children = (
				8B66620724F945D600FE016B /* Menu List */,
			);
			path = Scene;
			sourceTree = "<group>";
		};
		8B66620724F945D600FE016B /* Menu List */ = {
			isa = PBXGroup;
			children = (
				8B66622324FA5B5800FE016B /* Models */,
				8B66620824F945D600FE016B /* View Models */,
				8B66620924F945D600FE016B /* Common */,
				8B66620A24F945D600FE016B /* View */,
				8B66620B24F945D600FE016B /* Utility */,
			);
			path = "Menu List";
			sourceTree = "<group>";
		};
		8B66620824F945D600FE016B /* View Models */ = {
			isa = PBXGroup;
			children = (
				8BC4530F24FA220600D32216 /* MenuCellViewModel.swift */,
				8B66620E24F945FF00FE016B /* MenuListViewModel.swift */,
				8BC4531124FA23E100D32216 /* ItemViewModel.swift */,
			);
			path = "View Models";
			sourceTree = "<group>";
		};
		8B66620924F945D600FE016B /* Common */ = {
			isa = PBXGroup;
			children = (
			);
			path = Common;
			sourceTree = "<group>";
		};
		8B66620A24F945D600FE016B /* View */ = {
			isa = PBXGroup;
			children = (
				8B66622824FA64F100FE016B /* Cell */,
				8B66622924FA64F100FE016B /* Controller */,
				8B66621C24FA28DD00FE016B /* Header */,
				8B66621324F952E500FE016B /* Custom Segmented Control */,
			);
			path = View;
			sourceTree = "<group>";
		};
		8B66620B24F945D600FE016B /* Utility */ = {
			isa = PBXGroup;
			children = (
				8BC4531324FA250E00D32216 /* data.json */,
			);
			path = Utility;
			sourceTree = "<group>";
		};
		8B66621324F952E500FE016B /* Custom Segmented Control */ = {
			isa = PBXGroup;
			children = (
				8B66622124FA302D00FE016B /* MyCustomSegmentControl.swift */,
				8B66623024FA6FF100FE016B /* DynamicSegmentControl.swift */,
			);
			path = "Custom Segmented Control";
			sourceTree = "<group>";
		};
		8B66621C24FA28DD00FE016B /* Header */ = {
			isa = PBXGroup;
			children = (
				8B66621D24FA28EA00FE016B /* SectionHeaderView.xib */,
				8B66621F24FA293200FE016B /* SectionHeaderView.swift */,
			);
			path = Header;
			sourceTree = "<group>";
		};
		8B66622324FA5B5800FE016B /* Models */ = {
			isa = PBXGroup;
			children = (
				8B66622424FA5B7D00FE016B /* Item.swift */,
				8B66622624FA5BA800FE016B /* RestaurantMenu.swift */,
			);
			path = Models;
			sourceTree = "<group>";
		};
		8B66622824FA64F100FE016B /* Cell */ = {
			isa = PBXGroup;
			children = (
				8B66621024F9461D00FE016B /* MenuCell.swift */,
			);
			path = Cell;
			sourceTree = "<group>";
		};
		8B66622924FA64F100FE016B /* Controller */ = {
			isa = PBXGroup;
			children = (
				8B66620C24F945F100FE016B /* MenuListViewController.swift */,
				8B66621A24FA273900FE016B /* MenuList+TableView.swift */,
			);
			path = Controller;
			sourceTree = "<group>";
		};
/* End PBXGroup section */

/* Begin PBXNativeTarget section */
		8B6661ED24F944FF00FE016B /* UberEats */ = {
			isa = PBXNativeTarget;
			buildConfigurationList = 8B66620224F9450200FE016B /* Build configuration list for PBXNativeTarget "UberEats" */;
			buildPhases = (
				8B6661EA24F944FF00FE016B /* Sources */,
				8B6661EB24F944FF00FE016B /* Frameworks */,
				8B6661EC24F944FF00FE016B /* Resources */,
			);
			buildRules = (
			);
			dependencies = (
			);
			name = UberEats;
			productName = UberEats;
			productReference = 8B6661EE24F944FF00FE016B /* UberEats.app */;
			productType = "com.apple.product-type.application";
		};
/* End PBXNativeTarget section */

/* Begin PBXProject section */
		8B6661E624F944FF00FE016B /* Project object */ = {
			isa = PBXProject;
			attributes = {
				LastSwiftUpdateCheck = 1200;
				LastUpgradeCheck = 1200;
				TargetAttributes = {
					8B6661ED24F944FF00FE016B = {
						CreatedOnToolsVersion = 12.0;
					};
				};
			};
			buildConfigurationList = 8B6661E924F944FF00FE016B /* Build configuration list for PBXProject "UberEats" */;
			compatibilityVersion = "Xcode 9.3";
			developmentRegion = en;
			hasScannedForEncodings = 0;
			knownRegions = (
				en,
				Base,
			);
			mainGroup = 8B6661E524F944FF00FE016B;
			productRefGroup = 8B6661EF24F944FF00FE016B /* Products */;
			projectDirPath = "";
			projectRoot = "";
			targets = (
				8B6661ED24F944FF00FE016B /* UberEats */,
			);
		};
/* End PBXProject section */

/* Begin PBXResourcesBuildPhase section */
		8B6661EC24F944FF00FE016B /* Resources */ = {
			isa = PBXResourcesBuildPhase;
			buildActionMask = 2147483647;
			files = (
				8B6661FE24F9450200FE016B /* LaunchScreen.storyboard in Resources */,
				8B66621E24FA28EA00FE016B /* SectionHeaderView.xib in Resources */,
				8B6661FB24F9450200FE016B /* Assets.xcassets in Resources */,
				8B6661F924F944FF00FE016B /* Main.storyboard in Resources */,
				8BC4531424FA250E00D32216 /* data.json in Resources */,
			);
			runOnlyForDeploymentPostprocessing = 0;
		};
/* End PBXResourcesBuildPhase section */

/* Begin PBXSourcesBuildPhase section */
		8B6661EA24F944FF00FE016B /* Sources */ = {
			isa = PBXSourcesBuildPhase;
			buildActionMask = 2147483647;
			files = (
				8BC4531024FA220600D32216 /* MenuCellViewModel.swift in Sources */,
				8B66623124FA6FF100FE016B /* DynamicSegmentControl.swift in Sources */,
				8B66622024FA293200FE016B /* SectionHeaderView.swift in Sources */,
				8B66621B24FA273900FE016B /* MenuList+TableView.swift in Sources */,
				8B66622524FA5B7D00FE016B /* Item.swift in Sources */,
				8BC4531224FA23E100D32216 /* ItemViewModel.swift in Sources */,
				8B66622224FA302D00FE016B /* MyCustomSegmentControl.swift in Sources */,
				8B6661F624F944FF00FE016B /* ViewController.swift in Sources */,
				8B6661F224F944FF00FE016B /* AppDelegate.swift in Sources */,
				8B66621124F9461D00FE016B /* MenuCell.swift in Sources */,
				8B66622724FA5BA800FE016B /* RestaurantMenu.swift in Sources */,
				8B6661F424F944FF00FE016B /* SceneDelegate.swift in Sources */,
				8B66620D24F945F100FE016B /* MenuListViewController.swift in Sources */,
				8B66620F24F945FF00FE016B /* MenuListViewModel.swift in Sources */,
			);
			runOnlyForDeploymentPostprocessing = 0;
		};
/* End PBXSourcesBuildPhase section */

/* Begin PBXVariantGroup section */
		8B6661F724F944FF00FE016B /* Main.storyboard */ = {
			isa = PBXVariantGroup;
			children = (
				8B6661F824F944FF00FE016B /* Base */,
			);
			name = Main.storyboard;
			sourceTree = "<group>";
		};
		8B6661FC24F9450200FE016B /* LaunchScreen.storyboard */ = {
			isa = PBXVariantGroup;
			children = (
				8B6661FD24F9450200FE016B /* Base */,
			);
			name = LaunchScreen.storyboard;
			sourceTree = "<group>";
		};
/* End PBXVariantGroup section */

/* Begin XCBuildConfiguration section */
		8B66620024F9450200FE016B /* Debug */ = {
			isa = XCBuildConfiguration;
			buildSettings = {
				ALWAYS_SEARCH_USER_PATHS = NO;
				CLANG_ANALYZER_NONNULL = YES;
				CLANG_ANALYZER_NUMBER_OBJECT_CONVERSION = YES_AGGRESSIVE;
				CLANG_CXX_LANGUAGE_STANDARD = "gnu++14";
				CLANG_CXX_LIBRARY = "libc++";
				CLANG_ENABLE_MODULES = YES;
				CLANG_ENABLE_OBJC_ARC = YES;
				CLANG_ENABLE_OBJC_WEAK = YES;
				CLANG_WARN_BLOCK_CAPTURE_AUTORELEASING = YES;
				CLANG_WARN_BOOL_CONVERSION = YES;
				CLANG_WARN_COMMA = YES;
				CLANG_WARN_CONSTANT_CONVERSION = YES;
				CLANG_WARN_DEPRECATED_OBJC_IMPLEMENTATIONS = YES;
				CLANG_WARN_DIRECT_OBJC_ISA_USAGE = YES_ERROR;
				CLANG_WARN_DOCUMENTATION_COMMENTS = YES;
				CLANG_WARN_EMPTY_BODY = YES;
				CLANG_WARN_ENUM_CONVERSION = YES;
				CLANG_WARN_INFINITE_RECURSION = YES;
				CLANG_WARN_INT_CONVERSION = YES;
				CLANG_WARN_NON_LITERAL_NULL_CONVERSION = YES;
				CLANG_WARN_OBJC_IMPLICIT_RETAIN_SELF = YES;
				CLANG_WARN_OBJC_LITERAL_CONVERSION = YES;
				CLANG_WARN_OBJC_ROOT_CLASS = YES_ERROR;
				CLANG_WARN_QUOTED_INCLUDE_IN_FRAMEWORK_HEADER = YES;
				CLANG_WARN_RANGE_LOOP_ANALYSIS = YES;
				CLANG_WARN_STRICT_PROTOTYPES = YES;
				CLANG_WARN_SUSPICIOUS_MOVE = YES;
				CLANG_WARN_UNGUARDED_AVAILABILITY = YES_AGGRESSIVE;
				CLANG_WARN_UNREACHABLE_CODE = YES;
				CLANG_WARN__DUPLICATE_METHOD_MATCH = YES;
				COPY_PHASE_STRIP = NO;
				DEBUG_INFORMATION_FORMAT = dwarf;
				ENABLE_STRICT_OBJC_MSGSEND = YES;
				ENABLE_TESTABILITY = YES;
				GCC_C_LANGUAGE_STANDARD = gnu11;
				GCC_DYNAMIC_NO_PIC = NO;
				GCC_NO_COMMON_BLOCKS = YES;
				GCC_OPTIMIZATION_LEVEL = 0;
				GCC_PREPROCESSOR_DEFINITIONS = (
					"DEBUG=1",
					"$(inherited)",
				);
				GCC_WARN_64_TO_32_BIT_CONVERSION = YES;
				GCC_WARN_ABOUT_RETURN_TYPE = YES_ERROR;
				GCC_WARN_UNDECLARED_SELECTOR = YES;
				GCC_WARN_UNINITIALIZED_AUTOS = YES_AGGRESSIVE;
				GCC_WARN_UNUSED_FUNCTION = YES;
				GCC_WARN_UNUSED_VARIABLE = YES;
				IPHONEOS_DEPLOYMENT_TARGET = 13.0;
				MTL_ENABLE_DEBUG_INFO = INCLUDE_SOURCE;
				MTL_FAST_MATH = YES;
				ONLY_ACTIVE_ARCH = YES;
				SDKROOT = iphoneos;
				SWIFT_ACTIVE_COMPILATION_CONDITIONS = DEBUG;
				SWIFT_OPTIMIZATION_LEVEL = "-Onone";
			};
			name = Debug;
		};
		8B66620124F9450200FE016B /* Release */ = {
			isa = XCBuildConfiguration;
			buildSettings = {
				ALWAYS_SEARCH_USER_PATHS = NO;
				CLANG_ANALYZER_NONNULL = YES;
				CLANG_ANALYZER_NUMBER_OBJECT_CONVERSION = YES_AGGRESSIVE;
				CLANG_CXX_LANGUAGE_STANDARD = "gnu++14";
				CLANG_CXX_LIBRARY = "libc++";
				CLANG_ENABLE_MODULES = YES;
				CLANG_ENABLE_OBJC_ARC = YES;
				CLANG_ENABLE_OBJC_WEAK = YES;
				CLANG_WARN_BLOCK_CAPTURE_AUTORELEASING = YES;
				CLANG_WARN_BOOL_CONVERSION = YES;
				CLANG_WARN_COMMA = YES;
				CLANG_WARN_CONSTANT_CONVERSION = YES;
				CLANG_WARN_DEPRECATED_OBJC_IMPLEMENTATIONS = YES;
				CLANG_WARN_DIRECT_OBJC_ISA_USAGE = YES_ERROR;
				CLANG_WARN_DOCUMENTATION_COMMENTS = YES;
				CLANG_WARN_EMPTY_BODY = YES;
				CLANG_WARN_ENUM_CONVERSION = YES;
				CLANG_WARN_INFINITE_RECURSION = YES;
				CLANG_WARN_INT_CONVERSION = YES;
				CLANG_WARN_NON_LITERAL_NULL_CONVERSION = YES;
				CLANG_WARN_OBJC_IMPLICIT_RETAIN_SELF = YES;
				CLANG_WARN_OBJC_LITERAL_CONVERSION = YES;
				CLANG_WARN_OBJC_ROOT_CLASS = YES_ERROR;
				CLANG_WARN_QUOTED_INCLUDE_IN_FRAMEWORK_HEADER = YES;
				CLANG_WARN_RANGE_LOOP_ANALYSIS = YES;
				CLANG_WARN_STRICT_PROTOTYPES = YES;
				CLANG_WARN_SUSPICIOUS_MOVE = YES;
				CLANG_WARN_UNGUARDED_AVAILABILITY = YES_AGGRESSIVE;
				CLANG_WARN_UNREACHABLE_CODE = YES;
				CLANG_WARN__DUPLICATE_METHOD_MATCH = YES;
				COPY_PHASE_STRIP = NO;
				DEBUG_INFORMATION_FORMAT = "dwarf-with-dsym";
				ENABLE_NS_ASSERTIONS = NO;
				ENABLE_STRICT_OBJC_MSGSEND = YES;
				GCC_C_LANGUAGE_STANDARD = gnu11;
				GCC_NO_COMMON_BLOCKS = YES;
				GCC_WARN_64_TO_32_BIT_CONVERSION = YES;
				GCC_WARN_ABOUT_RETURN_TYPE = YES_ERROR;
				GCC_WARN_UNDECLARED_SELECTOR = YES;
				GCC_WARN_UNINITIALIZED_AUTOS = YES_AGGRESSIVE;
				GCC_WARN_UNUSED_FUNCTION = YES;
				GCC_WARN_UNUSED_VARIABLE = YES;
				IPHONEOS_DEPLOYMENT_TARGET = 13.0;
				MTL_ENABLE_DEBUG_INFO = NO;
				MTL_FAST_MATH = YES;
				SDKROOT = iphoneos;
				SWIFT_COMPILATION_MODE = wholemodule;
				SWIFT_OPTIMIZATION_LEVEL = "-O";
				VALIDATE_PRODUCT = YES;
			};
			name = Release;
		};
		8B66620324F9450200FE016B /* Debug */ = {
			isa = XCBuildConfiguration;
			buildSettings = {
				ASSETCATALOG_COMPILER_APPICON_NAME = AppIcon;
				ASSETCATALOG_COMPILER_GLOBAL_ACCENT_COLOR_NAME = AccentColor;
				CODE_SIGN_IDENTITY = "iPhone Developer";
				CODE_SIGN_STYLE = Manual;
				DEVELOPMENT_TEAM = Z3QQ492P6Z;
				INFOPLIST_FILE = UberEats/Info.plist;
				LD_RUNPATH_SEARCH_PATHS = (
					"$(inherited)",
					"@executable_path/Frameworks",
				);
				PRODUCT_BUNDLE_IDENTIFIER = com.infoedge.jeevansathi;
				PRODUCT_NAME = "$(TARGET_NAME)";
				PROVISIONING_PROFILE_SPECIFIER = JeevansathiDevProfile;
				SWIFT_VERSION = 5.0;
				TARGETED_DEVICE_FAMILY = "1,2";
			};
			name = Debug;
		};
		8B66620424F9450200FE016B /* Release */ = {
			isa = XCBuildConfiguration;
			buildSettings = {
				ASSETCATALOG_COMPILER_APPICON_NAME = AppIcon;
				ASSETCATALOG_COMPILER_GLOBAL_ACCENT_COLOR_NAME = AccentColor;
				CODE_SIGN_IDENTITY = "iPhone Developer";
				CODE_SIGN_STYLE = Manual;
				DEVELOPMENT_TEAM = Z3QQ492P6Z;
				INFOPLIST_FILE = UberEats/Info.plist;
				LD_RUNPATH_SEARCH_PATHS = (
					"$(inherited)",
					"@executable_path/Frameworks",
				);
				PRODUCT_BUNDLE_IDENTIFIER = com.infoedge.jeevansathi;
				PRODUCT_NAME = "$(TARGET_NAME)";
				PROVISIONING_PROFILE_SPECIFIER = JeevansathiDevProfile;
				SWIFT_VERSION = 5.0;
				TARGETED_DEVICE_FAMILY = "1,2";
			};
			name = Release;
		};
/* End XCBuildConfiguration section */

/* Begin XCConfigurationList section */
		8B6661E924F944FF00FE016B /* Build configuration list for PBXProject "UberEats" */ = {
			isa = XCConfigurationList;
			buildConfigurations = (
				8B66620024F9450200FE016B /* Debug */,
				8B66620124F9450200FE016B /* Release */,
			);
			defaultConfigurationIsVisible = 0;
			defaultConfigurationName = Release;
		};
		8B66620224F9450200FE016B /* Build configuration list for PBXNativeTarget "UberEats" */ = {
			isa = XCConfigurationList;
			buildConfigurations = (
				8B66620324F9450200FE016B /* Debug */,
				8B66620424F9450200FE016B /* Release */,
			);
			defaultConfigurationIsVisible = 0;
			defaultConfigurationName = Release;
		};
/* End XCConfigurationList section */
	};
	rootObject = 8B6661E624F944FF00FE016B /* Project object */;
}
